
Microsoft Visual Studio Solution File, Format Version 12.00
# Visual Studio Version 17
VisualStudioVersion = 17.0.31903.59
MinimumVisualStudioVersion = 10.0.40219.1
Project("{FAE04EC0-301F-11D3-BF4B-00C04F79EFBC}") = "TermTracker.Android", "TermTracker\TermTracker.Android\TermTracker.Android.csproj", "{83C4AEA9-4AA4-496B-B81E-AE2C88C1AB0F}"
EndProject
Project("{9A19103F-16F7-4668-BE54-9A1E7A4F7556}") = "TermTracker", "TermTracker\TermTracker\TermTracker.csproj", "{E1776E1E-0912-4988-8502-476A7C4F455C}"
EndProject
Global
	GlobalSection(SolutionConfigurationPlatforms) = preSolution
		Debug|Any CPU = Debug|Any CPU
		Release|Any CPU = Release|Any CPU
	EndGlobalSection
	GlobalSection(ProjectConfigurationPlatforms) = postSolution
		{83C4AEA9-4AA4-496B-B81E-AE2C88C1AB0F}.Debug|Any CPU.ActiveCfg = Debug|Any CPU
		{83C4AEA9-4AA4-496B-B81E-AE2C88C1AB0F}.Debug|Any CPU.Build.0 = Debug|Any CPU
		{83C4AEA9-4AA4-496B-B81E-AE2C88C1AB0F}.Debug|Any CPU.Deploy.0 = Debug|Any CPU
		{83C4AEA9-4AA4-496B-B81E-AE2C88C1AB0F}.Release|Any CPU.ActiveCfg = Release|Any CPU
		{83C4AEA9-4AA4-496B-B81E-AE2C88C1AB0F}.Release|Any CPU.Build.0 = Release|Any CPU
		{83C4AEA9-4AA4-496B-B81E-AE2C88C1AB0F}.Release|Any CPU.Deploy.0 = Release|Any CPU
		{E1776E1E-0912-4988-8502-476A7C4F455C}.Debug|Any CPU.ActiveCfg = Debug|Any CPU
		{E1776E1E-0912-4988-8502-476A7C4F455C}.Debug|Any CPU.Build.0 = Debug|Any CPU
		{E1776E1E-0912-4988-8502-476A7C4F455C}.Debug|Any CPU.Deploy.0 = Debug|Any CPU
		{E1776E1E-0912-4988-8502-476A7C4F455C}.Release|Any CPU.ActiveCfg = Release|Any CPU
		{E1776E1E-0912-4988-8502-476A7C4F455C}.Release|Any CPU.Build.0 = Release|Any CPU
		{E1776E1E-0912-4988-8502-476A7C4F455C}.Release|Any CPU.Deploy.0 = Release|Any CPU
	EndGlobalSection
	GlobalSection(SolutionProperties) = preSolution
		HideSolutionNode = FALSE
	EndGlobalSection
	GlobalSection(ExtensibilityGlobals) = postSolution
		SolutionGuid = {40006AC0-6B7D-4B90-B1B6-22AA43849801}
	EndGlobalSection
EndGlobal
